
Microsoft Visual Studio Solution File, Format Version 12.00
# Visual Studio Version 17
VisualStudioVersion = 17.1.32319.34
MinimumVisualStudioVersion = 10.0.40219.1
Project("{FAE04EC0-301F-11D3-BF4B-00C04F79EFBC}") = "QLSinhVien", "QLSinhVien\QLSinhVien.csproj", "{FA782B46-96B0-4932-8F1C-94678BB47F33}"
EndProject
Global
	GlobalSection(SolutionConfigurationPlatforms) = preSolution
		Debug|Any CPU = Debug|Any CPU
		Release|Any CPU = Release|Any CPU
	EndGlobalSection
	GlobalSection(ProjectConfigurationPlatforms) = postSolution
		{FA782B46-96B0-4932-8F1C-94678BB47F33}.Debug|Any CPU.ActiveCfg = Debug|Any CPU
		{FA782B46-96B0-4932-8F1C-94678BB47F33}.Debug|Any CPU.Build.0 = Debug|Any CPU
		{FA782B46-96B0-4932-8F1C-94678BB47F33}.Release|Any CPU.ActiveCfg = Release|Any CPU
		{FA782B46-96B0-4932-8F1C-94678BB47F33}.Release|Any CPU.Build.0 = Release|Any CPU
	EndGlobalSection
	GlobalSection(SolutionProperties) = preSolution
		HideSolutionNode = FALSE
	EndGlobalSection
	GlobalSection(ExtensibilityGlobals) = postSolution
		SolutionGuid = {350FBED2-9180-4A14-ACF7-C36FC17A7186}
	EndGlobalSection
EndGlobal
